<?xml version="1.0" encoding="UTF-8"?>
<Scheme
   version = "1.3">
   <BuildAction>
      <BuildActionEntries>
         <BuildActionEntry
            buildForRunning = "YES">
            <BuildableReference
               BuildableIdentifier = "primary"
               BlueprintIdentifier = "3220CE8BDB867E79CFCA9298"
               BuildableName = "teste-render"
               BlueprintName = "teste-render"
               ReferencedContainer = "container:teste-render.xcodeproj">
            </BuildableReference>
         </BuildActionEntry>
      </BuildActionEntries>
   </BuildAction>
   <LaunchAction
      useCustomWorkingDirectory = "YES"
      customWorkingDirectory = "/Users/matheus/Google Drive/teste-render"
      buildConfiguration = "Debug">
      <BuildableProductRunnable>
         <BuildableReference
            BuildableIdentifier = "primary"
            BlueprintIdentifier = "3220CE8BDB867E79CFCA9298"
            BuildableName = "teste-render"
            BlueprintName = "teste-render"
            ReferencedContainer = "container:teste-render.xcodeproj">
         </BuildableReference>
      </BuildableProductRunnable>
   </LaunchAction>
</Scheme>
