<?xml version="1.0" encoding="UTF-8" standalone="yes" ?>
<CodeBlocks_project_file>
	<FileVersion major="1" minor="6" />
	<Project>
		<Option title="SDLTest" />
		<Option pch_mode="2" />
		<Option compiler="gcc" />
		<Build>
			<Target title="Debug">
				<Option output="bin/Debug/SDLTest" prefix_auto="1" extension_auto="1" />
				<Option object_output="obj/Debug/" />
				<Option type="1" />
				<Option compiler="gcc" />
				<Option use_console_runner="0" />
				<Compiler>
					<Add option="-g" />
				</Compiler>
			</Target>
			<Target title="Release">
				<Option output="bin/Release/SDLTest" prefix_auto="1" extension_auto="1" />
				<Option object_output="obj/Release/" />
				<Option type="1" />
				<Option compiler="gcc" />
				<Compiler>
					<Add option="-O2" />
				</Compiler>
				<Linker>
					<Add option="-s" />
				</Linker>
			</Target>
		</Build>
		<Compiler>
			<Add option="-Wall" />
			<Add directory="C:/Users/joaoapenas/Dropbox/UTFPR 2015-1/Jogos/SDL2-2.0.3" />
			<Add directory="C:/Users/joaoapenas/Dropbox/UTFPR 2015-1/Jogos/SDL2-2.0.3/include" />
		</Compiler>
		<Linker>
			<Add option="-lmingw32 -lSDL2main -lSDL2" />
			<Add directory="C:/Users/joaoapenas/Dropbox/UTFPR 2015-1/Jogos/SDL2-2.0.3/lib" />
		</Linker>
		<Unit filename="Consts.h" />
		<Unit filename="Objeto.h" />
		<Unit filename="canhao.cpp" />
		<Unit filename="exe1.cpp">
			<Option target="Release" />
		</Unit>
		<Unit filename="exe2.cpp">
			<Option target="Release" />
		</Unit>
		<Extensions>
			<code_completion />
			<envvars />
			<debugger />
		</Extensions>
	</Project>
</CodeBlocks_project_file>
