// !$*UTF8*$!
{
	archiveVersion = 1;
	classes = {
	};
	objectVersion = 46;
	objects = {

/* Begin PBXBuildFile section */
		3220C02582E91EF5B4B09A21 /* Text.cpp in Sources */ = {isa = PBXBuildFile; fileRef = 3220CBB7FC07A80971BC711B /* Text.cpp */; };
		3220C210B5ED8BAE8BFD305D /* Stopwatch.cpp in Sources */ = {isa = PBXBuildFile; fileRef = 3220CBBD74FD55C64F2B5406 /* Stopwatch.cpp */; };
		3220C60EAED37079E7969292 /* SDL2.framework in Frameworks */ = {isa = PBXBuildFile; fileRef = 3220C5739C4567856FB01162 /* SDL2.framework */; };
		3220C6654DF062D96C3B5838 /* SDL2_mixer.framework in Frameworks */ = {isa = PBXBuildFile; fileRef = 3220CEF7B20FCDB4D4FC256F /* SDL2_mixer.framework */; };
		3220C854B7E3D8B39D839AB0 /* Collision.cpp in Sources */ = {isa = PBXBuildFile; fileRef = 3220C5EDA6A40C18629E0924 /* Collision.cpp */; };
		3220C9A2B5D3315A17C48E12 /* main.cpp in Sources */ = {isa = PBXBuildFile; fileRef = 3220C2D87FDA0C9B308DA4F4 /* main.cpp */; };
		3220CC398EEBE1CED520A75B /* GameObject.cpp in Sources */ = {isa = PBXBuildFile; fileRef = 3220CFC890B5E36D5C3CB863 /* GameObject.cpp */; };
		3220CCB32A30928A94568031 /* Cannon.cpp in Sources */ = {isa = PBXBuildFile; fileRef = 3220C8B478B3E98BD8034E31 /* Cannon.cpp */; };
		3220CCE7D69B9F7B3A9BDE79 /* Util.cpp in Sources */ = {isa = PBXBuildFile; fileRef = 3220CC0B99E3A4922CB1F725 /* Util.cpp */; };
		3220CD02A77B5EED43E6A6DE /* SDL2_ttf.framework in Frameworks */ = {isa = PBXBuildFile; fileRef = 3220C7AA248E9D28CD024461 /* SDL2_ttf.framework */; };
		3220CDBC1C273C4BD96B6E52 /* SDL2_image.framework in Frameworks */ = {isa = PBXBuildFile; fileRef = 3220CEE55CEFFDA958767C20 /* SDL2_image.framework */; };
/* End PBXBuildFile section */

/* Begin PBXCopyFilesBuildPhase section */
		3220C2C170592AE2FE05CF90 /* CopyFiles */ = {
			isa = PBXCopyFilesBuildPhase;
			buildActionMask = 2147483647;
			dstPath = /usr/share/man/man1/;
			dstSubfolderSpec = 0;
			files = (
			);
			runOnlyForDeploymentPostprocessing = 1;
		};
/* End PBXCopyFilesBuildPhase section */

/* Begin PBXFileReference section */
		3220C2D87FDA0C9B308DA4F4 /* main.cpp */ = {isa = PBXFileReference; fileEncoding = 4; lastKnownFileType = sourcecode.cpp.cpp; path = main.cpp; sourceTree = "<group>"; };
		3220C2E648AB7641CF27FCCC /* teste-render */ = {isa = PBXFileReference; explicitFileType = "compiled.mach-o.executable"; includeInIndex = 0; path = "teste-render"; sourceTree = BUILT_PRODUCTS_DIR; };
		3220C5343CCAD753C995A96A /* Util.h */ = {isa = PBXFileReference; fileEncoding = 4; lastKnownFileType = sourcecode.c.h; path = Util.h; sourceTree = "<group>"; };
		3220C5739C4567856FB01162 /* SDL2.framework */ = {isa = PBXFileReference; lastKnownFileType = wrapper.framework; name = SDL2.framework; path = /Library/Frameworks/SDL2.framework; sourceTree = "<absolute>"; };
		3220C5ADD20F418ECBFF6973 /* Text.h */ = {isa = PBXFileReference; fileEncoding = 4; lastKnownFileType = sourcecode.c.h; path = Text.h; sourceTree = "<group>"; };
		3220C5EDA6A40C18629E0924 /* Collision.cpp */ = {isa = PBXFileReference; fileEncoding = 4; lastKnownFileType = sourcecode.cpp.cpp; path = Collision.cpp; sourceTree = "<group>"; };
		3220C6273F25DA95BF2DAEFB /* GameObject.h */ = {isa = PBXFileReference; fileEncoding = 4; lastKnownFileType = sourcecode.c.h; path = GameObject.h; sourceTree = "<group>"; };
		3220C732FD72AF7A4CD76CE7 /* Cannon.h */ = {isa = PBXFileReference; fileEncoding = 4; lastKnownFileType = sourcecode.c.h; path = Cannon.h; sourceTree = "<group>"; };
		3220C7AA248E9D28CD024461 /* SDL2_ttf.framework */ = {isa = PBXFileReference; lastKnownFileType = wrapper.framework; name = SDL2_ttf.framework; path = /Library/Frameworks/SDL2_ttf.framework; sourceTree = "<absolute>"; };
		3220C83C2EC936C98FE8A57E /* Collision.h */ = {isa = PBXFileReference; fileEncoding = 4; lastKnownFileType = sourcecode.c.h; path = Collision.h; sourceTree = "<group>"; };
		3220C8B478B3E98BD8034E31 /* Cannon.cpp */ = {isa = PBXFileReference; fileEncoding = 4; lastKnownFileType = sourcecode.cpp.cpp; path = Cannon.cpp; sourceTree = "<group>"; };
		3220C98BA1500B8A2849FD3A /* Stopwatch.h */ = {isa = PBXFileReference; fileEncoding = 4; lastKnownFileType = sourcecode.c.h; path = Stopwatch.h; sourceTree = "<group>"; };
		3220CBB7FC07A80971BC711B /* Text.cpp */ = {isa = PBXFileReference; fileEncoding = 4; lastKnownFileType = sourcecode.cpp.cpp; path = Text.cpp; sourceTree = "<group>"; };
		3220CBBD74FD55C64F2B5406 /* Stopwatch.cpp */ = {isa = PBXFileReference; fileEncoding = 4; lastKnownFileType = sourcecode.cpp.cpp; path = Stopwatch.cpp; sourceTree = "<group>"; };
		3220CBD1D060F7AA972BE985 /* Consts.h */ = {isa = PBXFileReference; fileEncoding = 4; lastKnownFileType = sourcecode.c.h; path = Consts.h; sourceTree = "<group>"; };
		3220CC0B99E3A4922CB1F725 /* Util.cpp */ = {isa = PBXFileReference; fileEncoding = 4; lastKnownFileType = sourcecode.cpp.cpp; path = Util.cpp; sourceTree = "<group>"; };
		3220CEE55CEFFDA958767C20 /* SDL2_image.framework */ = {isa = PBXFileReference; lastKnownFileType = wrapper.framework; name = SDL2_image.framework; path = /Library/Frameworks/SDL2_image.framework; sourceTree = "<absolute>"; };
		3220CEF7B20FCDB4D4FC256F /* SDL2_mixer.framework */ = {isa = PBXFileReference; lastKnownFileType = wrapper.framework; name = SDL2_mixer.framework; path = /Library/Frameworks/SDL2_mixer.framework; sourceTree = "<absolute>"; };
		3220CFC890B5E36D5C3CB863 /* GameObject.cpp */ = {isa = PBXFileReference; fileEncoding = 4; lastKnownFileType = sourcecode.cpp.cpp; path = GameObject.cpp; sourceTree = "<group>"; };
/* End PBXFileReference section */

/* Begin PBXFrameworksBuildPhase section */
		3220CD88FDAD80D3D6509C30 /* Frameworks */ = {
			isa = PBXFrameworksBuildPhase;
			buildActionMask = 2147483647;
			files = (
				3220C60EAED37079E7969292 /* SDL2.framework in Frameworks */,
				3220CD02A77B5EED43E6A6DE /* SDL2_ttf.framework in Frameworks */,
				3220CDBC1C273C4BD96B6E52 /* SDL2_image.framework in Frameworks */,
				3220C6654DF062D96C3B5838 /* SDL2_mixer.framework in Frameworks */,
			);
			runOnlyForDeploymentPostprocessing = 0;
		};
/* End PBXFrameworksBuildPhase section */

/* Begin PBXGroup section */
		3220C1CEFF7C2BA8B0266BA7 /* teste-render */ = {
			isa = PBXGroup;
			children = (
			);
			path = "teste-render";
			sourceTree = "<group>";
		};
		3220C4E5F4B64284C60E96B3 /* cannon */ = {
			isa = PBXGroup;
			children = (
				3220C2D87FDA0C9B308DA4F4 /* main.cpp */,
				3220C732FD72AF7A4CD76CE7 /* Cannon.h */,
				3220CBD1D060F7AA972BE985 /* Consts.h */,
				3220C6273F25DA95BF2DAEFB /* GameObject.h */,
				3220CFC890B5E36D5C3CB863 /* GameObject.cpp */,
				3220C8B478B3E98BD8034E31 /* Cannon.cpp */,
				3220CBB7FC07A80971BC711B /* Text.cpp */,
				3220C5ADD20F418ECBFF6973 /* Text.h */,
				3220C5EDA6A40C18629E0924 /* Collision.cpp */,
				3220C83C2EC936C98FE8A57E /* Collision.h */,
				3220CBBD74FD55C64F2B5406 /* Stopwatch.cpp */,
				3220C98BA1500B8A2849FD3A /* Stopwatch.h */,
				3220CC0B99E3A4922CB1F725 /* Util.cpp */,
				3220C5343CCAD753C995A96A /* Util.h */,
			);
			path = cannon;
			sourceTree = "<group>";
		};
		3220C7879653F2E95D0F0231 = {
			isa = PBXGroup;
			children = (
				3220CEB4D4B1A146D69EF4E0 /* Products */,
				3220C1CEFF7C2BA8B0266BA7 /* teste-render */,
				3220CA1014A5D4BC3723F8BA /* Frameworks */,
				3220C4E5F4B64284C60E96B3 /* cannon */,
			);
			sourceTree = "<group>";
		};
		3220CA1014A5D4BC3723F8BA /* Frameworks */ = {
			isa = PBXGroup;
			children = (
				3220C5739C4567856FB01162 /* SDL2.framework */,
				3220C7AA248E9D28CD024461 /* SDL2_ttf.framework */,
				3220CEE55CEFFDA958767C20 /* SDL2_image.framework */,
				3220CEF7B20FCDB4D4FC256F /* SDL2_mixer.framework */,
			);
			name = Frameworks;
			sourceTree = "<group>";
		};
		3220CEB4D4B1A146D69EF4E0 /* Products */ = {
			isa = PBXGroup;
			children = (
				3220C2E648AB7641CF27FCCC /* teste-render */,
			);
			name = Products;
			sourceTree = "<group>";
		};
/* End PBXGroup section */

/* Begin PBXNativeTarget section */
		3220CE8BDB867E79CFCA9298 /* teste-render */ = {
			isa = PBXNativeTarget;
			buildConfigurationList = 3220C62F4FFF61CF394EFA6E /* Build configuration list for PBXNativeTarget "teste-render" */;
			buildPhases = (
				3220CA3C3E8CE0AC54644E0C /* Sources */,
				3220CD88FDAD80D3D6509C30 /* Frameworks */,
				3220C2C170592AE2FE05CF90 /* CopyFiles */,
			);
			buildRules = (
			);
			dependencies = (
			);
			name = "teste-render";
			productName = "teste-render";
			productReference = 3220C2E648AB7641CF27FCCC /* teste-render */;
			productType = "com.apple.product-type.tool";
		};
/* End PBXNativeTarget section */

/* Begin PBXProject section */
		3220C278D94E49C690424FCB /* Project object */ = {
			isa = PBXProject;
			attributes = {
				ORGANIZATIONNAME = "___FULLUSERNAME___";
			};
			buildConfigurationList = 3220CFCB38228F170A507E92 /* Build configuration list for PBXProject "teste-render" */;
			compatibilityVersion = "Xcode 3.2";
			developmentRegion = English;
			hasScannedForEncodings = 0;
			knownRegions = (
				en,
			);
			mainGroup = 3220C7879653F2E95D0F0231;
			productRefGroup = 3220CEB4D4B1A146D69EF4E0 /* Products */;
			projectDirPath = "";
			projectRoot = "";
			targets = (
				3220CE8BDB867E79CFCA9298 /* teste-render */,
			);
		};
/* End PBXProject section */

/* Begin PBXSourcesBuildPhase section */
		3220CA3C3E8CE0AC54644E0C /* Sources */ = {
			isa = PBXSourcesBuildPhase;
			buildActionMask = 2147483647;
			files = (
				3220C9A2B5D3315A17C48E12 /* main.cpp in Sources */,
				3220CC398EEBE1CED520A75B /* GameObject.cpp in Sources */,
				3220CCB32A30928A94568031 /* Cannon.cpp in Sources */,
				3220C02582E91EF5B4B09A21 /* Text.cpp in Sources */,
				3220C854B7E3D8B39D839AB0 /* Collision.cpp in Sources */,
				3220C210B5ED8BAE8BFD305D /* Stopwatch.cpp in Sources */,
				3220CCE7D69B9F7B3A9BDE79 /* Util.cpp in Sources */,
			);
			runOnlyForDeploymentPostprocessing = 0;
		};
/* End PBXSourcesBuildPhase section */

/* Begin XCBuildConfiguration section */
		3220C1829F34816A3EEB949A /* Release */ = {
			isa = XCBuildConfiguration;
			buildSettings = {
				ALWAYS_SEARCH_USER_PATHS = NO;
				CLANG_CXX_LANGUAGE_STANDARD = "gnu++0x";
				CLANG_CXX_LIBRARY = "libc++";
				CLANG_ENABLE_MODULES = YES;
				CLANG_ENABLE_OBJC_ARC = YES;
				CLANG_WARN_BOOL_CONVERSION = YES;
				CLANG_WARN_CONSTANT_CONVERSION = YES;
				CLANG_WARN_DIRECT_OBJC_ISA_USAGE = YES_ERROR;
				CLANG_WARN_EMPTY_BODY = YES;
				CLANG_WARN_ENUM_CONVERSION = YES;
				CLANG_WARN_INT_CONVERSION = YES;
				CLANG_WARN_OBJC_ROOT_CLASS = YES_ERROR;
				CLANG_WARN_UNREACHABLE_CODE = YES;
				CLANG_WARN__DUPLICATE_METHOD_MATCH = YES;
				COPY_PHASE_STRIP = YES;
				DEBUG_INFORMATION_FORMAT = "dwarf-with-dsym";
				ENABLE_NS_ASSERTIONS = NO;
				ENABLE_STRICT_OBJC_MSGSEND = YES;
				GCC_C_LANGUAGE_STANDARD = gnu99;
				GCC_WARN_64_TO_32_BIT_CONVERSION = YES;
				GCC_WARN_ABOUT_RETURN_TYPE = YES_ERROR;
				GCC_WARN_UNDECLARED_SELECTOR = YES;
				GCC_WARN_UNINITIALIZED_AUTOS = YES_AGGRESSIVE;
				GCC_WARN_UNUSED_FUNCTION = YES;
				GCC_WARN_UNUSED_VARIABLE = YES;
				MACOSX_DEPLOYMENT_TARGET = 10.10;
				MTL_ENABLE_DEBUG_INFO = NO;
				SDKROOT = macosx;
			};
			name = Release;
		};
		3220C47626BAB56AE8CB2F67 /* Release */ = {
			isa = XCBuildConfiguration;
			buildSettings = {
				FRAMEWORK_SEARCH_PATHS = (
					"\"${PROJECT_DIR}/../../../../Library/Frameworks\"/**",
					"\"${PROJECT_DIR}/../../../../Library/Frameworks\"/**",
					"\"${PROJECT_DIR}/../../../../Library/Frameworks\"/**",
					"\"${PROJECT_DIR}/../../../../Library/Frameworks\"/**",
				);
				PRODUCT_NAME = "$(TARGET_NAME)";
			};
			name = Release;
		};
		3220C86F497E83477BB7120C /* Debug */ = {
			isa = XCBuildConfiguration;
			buildSettings = {
				FRAMEWORK_SEARCH_PATHS = (
					"\"${PROJECT_DIR}/../../../../Library/Frameworks\"/**",
					"\"${PROJECT_DIR}/../../../../Library/Frameworks\"/**",
					"\"${PROJECT_DIR}/../../../../Library/Frameworks\"/**",
					"\"${PROJECT_DIR}/../../../../Library/Frameworks\"/**",
				);
				PRODUCT_NAME = "$(TARGET_NAME)";
			};
			name = Debug;
		};
		3220C9429EB6AAB9D048E46D /* Debug */ = {
			isa = XCBuildConfiguration;
			buildSettings = {
				ALWAYS_SEARCH_USER_PATHS = NO;
				CLANG_CXX_LANGUAGE_STANDARD = "gnu++0x";
				CLANG_CXX_LIBRARY = "libc++";
				CLANG_ENABLE_MODULES = YES;
				CLANG_ENABLE_OBJC_ARC = YES;
				CLANG_WARN_BOOL_CONVERSION = YES;
				CLANG_WARN_CONSTANT_CONVERSION = YES;
				CLANG_WARN_DIRECT_OBJC_ISA_USAGE = YES_ERROR;
				CLANG_WARN_EMPTY_BODY = YES;
				CLANG_WARN_ENUM_CONVERSION = YES;
				CLANG_WARN_INT_CONVERSION = YES;
				CLANG_WARN_OBJC_ROOT_CLASS = YES_ERROR;
				CLANG_WARN_UNREACHABLE_CODE = YES;
				CLANG_WARN__DUPLICATE_METHOD_MATCH = YES;
				COPY_PHASE_STRIP = NO;
				ENABLE_STRICT_OBJC_MSGSEND = YES;
				GCC_C_LANGUAGE_STANDARD = gnu99;
				GCC_DYNAMIC_NO_PIC = NO;
				GCC_OPTIMIZATION_LEVEL = 0;
				GCC_PREPROCESSOR_DEFINITIONS = (
					"DEBUG=1",
					"$(inherited)",
				);
				GCC_SYMBOLS_PRIVATE_EXTERN = NO;
				GCC_WARN_64_TO_32_BIT_CONVERSION = YES;
				GCC_WARN_ABOUT_RETURN_TYPE = YES_ERROR;
				GCC_WARN_UNDECLARED_SELECTOR = YES;
				GCC_WARN_UNINITIALIZED_AUTOS = YES_AGGRESSIVE;
				GCC_WARN_UNUSED_FUNCTION = YES;
				GCC_WARN_UNUSED_VARIABLE = YES;
				MACOSX_DEPLOYMENT_TARGET = 10.10;
				MTL_ENABLE_DEBUG_INFO = YES;
				ONLY_ACTIVE_ARCH = YES;
				SDKROOT = macosx;
			};
			name = Debug;
		};
/* End XCBuildConfiguration section */

/* Begin XCConfigurationList section */
		3220C62F4FFF61CF394EFA6E /* Build configuration list for PBXNativeTarget "teste-render" */ = {
			isa = XCConfigurationList;
			buildConfigurations = (
				3220C86F497E83477BB7120C /* Debug */,
				3220C47626BAB56AE8CB2F67 /* Release */,
			);
			defaultConfigurationIsVisible = 0;
		};
		3220CFCB38228F170A507E92 /* Build configuration list for PBXProject "teste-render" */ = {
			isa = XCConfigurationList;
			buildConfigurations = (
				3220C9429EB6AAB9D048E46D /* Debug */,
				3220C1829F34816A3EEB949A /* Release */,
			);
			defaultConfigurationIsVisible = 0;
			defaultConfigurationName = Release;
		};
/* End XCConfigurationList section */
	};
	rootObject = 3220C278D94E49C690424FCB /* Project object */;
}
